// !$*UTF8*$!
{
	archiveVersion = 1;
	classes = {
	};
	objectVersion = 46;
	objects = {

/* Begin PBXBuildFile section */
		020A6A6F1E9C668600FAF159 /* MutableCollection+Ext.swift in Sources */ = {isa = PBXBuildFile; fileRef = 020A6A6E1E9C668600FAF159 /* MutableCollection+Ext.swift */; };
		020A6A711E9C693300FAF159 /* Shakeable.swift in Sources */ = {isa = PBXBuildFile; fileRef = 020A6A701E9C693300FAF159 /* Shakeable.swift */; };
		0229A5BC1E9B1B8200FF54B8 /* AppDelegate.swift in Sources */ = {isa = PBXBuildFile; fileRef = 0229A5BB1E9B1B8200FF54B8 /* AppDelegate.swift */; };
		0229A5BE1E9B1B8200FF54B8 /* MainViewController.swift in Sources */ = {isa = PBXBuildFile; fileRef = 0229A5BD1E9B1B8200FF54B8 /* MainViewController.swift */; };
		0229A5C11E9B1B8200FF54B8 /* Main.storyboard in Resources */ = {isa = PBXBuildFile; fileRef = 0229A5BF1E9B1B8200FF54B8 /* Main.storyboard */; };
		0229A5C31E9B1B8200FF54B8 /* Assets.xcassets in Resources */ = {isa = PBXBuildFile; fileRef = 0229A5C21E9B1B8200FF54B8 /* Assets.xcassets */; };
		0229A5C61E9B1B8200FF54B8 /* LaunchScreen.storyboard in Resources */ = {isa = PBXBuildFile; fileRef = 0229A5C41E9B1B8200FF54B8 /* LaunchScreen.storyboard */; };
		0229A5D41E9B1F3B00FF54B8 /* DropShadow.swift in Sources */ = {isa = PBXBuildFile; fileRef = 0229A5D31E9B1F3B00FF54B8 /* DropShadow.swift */; };
		0229A5D61E9B20A400FF54B8 /* HeaderView.swift in Sources */ = {isa = PBXBuildFile; fileRef = 0229A5D51E9B20A400FF54B8 /* HeaderView.swift */; };
		0229A5D81E9B22F800FF54B8 /* Taco.swift in Sources */ = {isa = PBXBuildFile; fileRef = 0229A5D71E9B22F800FF54B8 /* Taco.swift */; };
		0229A5DA1E9B281000FF54B8 /* DataService.swift in Sources */ = {isa = PBXBuildFile; fileRef = 0229A5D91E9B281000FF54B8 /* DataService.swift */; };
		0229A5DF1E9B344000FF54B8 /* TacoCollectionViewCell.swift in Sources */ = {isa = PBXBuildFile; fileRef = 0229A5DD1E9B344000FF54B8 /* TacoCollectionViewCell.swift */; };
		0229A5E01E9B344000FF54B8 /* TacoCollectionViewCell.xib in Resources */ = {isa = PBXBuildFile; fileRef = 0229A5DE1E9B344000FF54B8 /* TacoCollectionViewCell.xib */; };
		0229A5E21E9B3DB400FF54B8 /* ResuableView.swift in Sources */ = {isa = PBXBuildFile; fileRef = 0229A5E11E9B3DB400FF54B8 /* ResuableView.swift */; };
		0229A5E41E9B3E8D00FF54B8 /* NibLoadableView.swift in Sources */ = {isa = PBXBuildFile; fileRef = 0229A5E31E9B3E8D00FF54B8 /* NibLoadableView.swift */; };
		0229A5E61E9B3F2100FF54B8 /* UICollectionView+Ext.swift in Sources */ = {isa = PBXBuildFile; fileRef = 0229A5E51E9B3F2100FF54B8 /* UICollectionView+Ext.swift */; };
/* End PBXBuildFile section */

/* Begin PBXFileReference section */
		020A6A6E1E9C668600FAF159 /* MutableCollection+Ext.swift */ = {isa = PBXFileReference; fileEncoding = 4; lastKnownFileType = sourcecode.swift; path = "MutableCollection+Ext.swift"; sourceTree = "<group>"; };
		020A6A701E9C693300FAF159 /* Shakeable.swift */ = {isa = PBXFileReference; fileEncoding = 4; lastKnownFileType = sourcecode.swift; path = Shakeable.swift; sourceTree = "<group>"; };
		0229A5B81E9B1B8200FF54B8 /* TacoPOP.app */ = {isa = PBXFileReference; explicitFileType = wrapper.application; includeInIndex = 0; path = TacoPOP.app; sourceTree = BUILT_PRODUCTS_DIR; };
		0229A5BB1E9B1B8200FF54B8 /* AppDelegate.swift */ = {isa = PBXFileReference; lastKnownFileType = sourcecode.swift; path = AppDelegate.swift; sourceTree = "<group>"; };
		0229A5BD1E9B1B8200FF54B8 /* MainViewController.swift */ = {isa = PBXFileReference; lastKnownFileType = sourcecode.swift; path = MainViewController.swift; sourceTree = "<group>"; };
		0229A5C01E9B1B8200FF54B8 /* Base */ = {isa = PBXFileReference; lastKnownFileType = file.storyboard; name = Base; path = Base.lproj/Main.storyboard; sourceTree = "<group>"; };
		0229A5C21E9B1B8200FF54B8 /* Assets.xcassets */ = {isa = PBXFileReference; lastKnownFileType = folder.assetcatalog; path = Assets.xcassets; sourceTree = "<group>"; };
		0229A5C51E9B1B8200FF54B8 /* Base */ = {isa = PBXFileReference; lastKnownFileType = file.storyboard; name = Base; path = Base.lproj/LaunchScreen.storyboard; sourceTree = "<group>"; };
		0229A5C71E9B1B8200FF54B8 /* Info.plist */ = {isa = PBXFileReference; lastKnownFileType = text.plist.xml; path = Info.plist; sourceTree = "<group>"; };
		0229A5D31E9B1F3B00FF54B8 /* DropShadow.swift */ = {isa = PBXFileReference; fileEncoding = 4; lastKnownFileType = sourcecode.swift; path = DropShadow.swift; sourceTree = "<group>"; };
		0229A5D51E9B20A400FF54B8 /* HeaderView.swift */ = {isa = PBXFileReference; fileEncoding = 4; lastKnownFileType = sourcecode.swift; path = HeaderView.swift; sourceTree = "<group>"; };
		0229A5D71E9B22F800FF54B8 /* Taco.swift */ = {isa = PBXFileReference; fileEncoding = 4; lastKnownFileType = sourcecode.swift; path = Taco.swift; sourceTree = "<group>"; };
		0229A5D91E9B281000FF54B8 /* DataService.swift */ = {isa = PBXFileReference; fileEncoding = 4; lastKnownFileType = sourcecode.swift; path = DataService.swift; sourceTree = "<group>"; };
		0229A5DD1E9B344000FF54B8 /* TacoCollectionViewCell.swift */ = {isa = PBXFileReference; fileEncoding = 4; lastKnownFileType = sourcecode.swift; path = TacoCollectionViewCell.swift; sourceTree = "<group>"; };
		0229A5DE1E9B344000FF54B8 /* TacoCollectionViewCell.xib */ = {isa = PBXFileReference; fileEncoding = 4; lastKnownFileType = file.xib; path = TacoCollectionViewCell.xib; sourceTree = "<group>"; };
		0229A5E11E9B3DB400FF54B8 /* ResuableView.swift */ = {isa = PBXFileReference; fileEncoding = 4; lastKnownFileType = sourcecode.swift; path = ResuableView.swift; sourceTree = "<group>"; };
		0229A5E31E9B3E8D00FF54B8 /* NibLoadableView.swift */ = {isa = PBXFileReference; fileEncoding = 4; lastKnownFileType = sourcecode.swift; path = NibLoadableView.swift; sourceTree = "<group>"; };
		0229A5E51E9B3F2100FF54B8 /* UICollectionView+Ext.swift */ = {isa = PBXFileReference; fileEncoding = 4; lastKnownFileType = sourcecode.swift; path = "UICollectionView+Ext.swift"; sourceTree = "<group>"; };
/* End PBXFileReference section */

/* Begin PBXFrameworksBuildPhase section */
		0229A5B51E9B1B8200FF54B8 /* Frameworks */ = {
			isa = PBXFrameworksBuildPhase;
			buildActionMask = 2147483647;
			files = (
			);
			runOnlyForDeploymentPostprocessing = 0;
		};
/* End PBXFrameworksBuildPhase section */

/* Begin PBXGroup section */
		0229A5AF1E9B1B8200FF54B8 = {
			isa = PBXGroup;
			children = (
				0229A5BA1E9B1B8200FF54B8 /* TacoPOP */,
				0229A5B91E9B1B8200FF54B8 /* Products */,
			);
			sourceTree = "<group>";
		};
		0229A5B91E9B1B8200FF54B8 /* Products */ = {
			isa = PBXGroup;
			children = (
				0229A5B81E9B1B8200FF54B8 /* TacoPOP.app */,
			);
			name = Products;
			sourceTree = "<group>";
		};
		0229A5BA1E9B1B8200FF54B8 /* TacoPOP */ = {
			isa = PBXGroup;
			children = (
				0229A5D21E9B1C0600FF54B8 /* Extensions */,
				0229A5D11E9B1BE600FF54B8 /* Resource */,
				0229A5D01E9B1BCC00FF54B8 /* Protocol */,
				0229A5CF1E9B1BB600FF54B8 /* View */,
				0229A5CE1E9B1BAD00FF54B8 /* Model */,
				0229A5CD1E9B1BA600FF54B8 /* Controller */,
				0229A5BB1E9B1B8200FF54B8 /* AppDelegate.swift */,
				0229A5BF1E9B1B8200FF54B8 /* Main.storyboard */,
				0229A5C21E9B1B8200FF54B8 /* Assets.xcassets */,
				0229A5C41E9B1B8200FF54B8 /* LaunchScreen.storyboard */,
				0229A5C71E9B1B8200FF54B8 /* Info.plist */,
			);
			path = TacoPOP;
			sourceTree = "<group>";
		};
		0229A5CD1E9B1BA600FF54B8 /* Controller */ = {
			isa = PBXGroup;
			children = (
				0229A5BD1E9B1B8200FF54B8 /* MainViewController.swift */,
			);
			name = Controller;
			sourceTree = "<group>";
		};
		0229A5CE1E9B1BAD00FF54B8 /* Model */ = {
			isa = PBXGroup;
			children = (
				0229A5D71E9B22F800FF54B8 /* Taco.swift */,
				0229A5D91E9B281000FF54B8 /* DataService.swift */,
			);
			name = Model;
			sourceTree = "<group>";
		};
		0229A5CF1E9B1BB600FF54B8 /* View */ = {
			isa = PBXGroup;
			children = (
				0229A5D51E9B20A400FF54B8 /* HeaderView.swift */,
				0229A5DD1E9B344000FF54B8 /* TacoCollectionViewCell.swift */,
				0229A5DE1E9B344000FF54B8 /* TacoCollectionViewCell.xib */,
			);
			name = View;
			sourceTree = "<group>";
		};
		0229A5D01E9B1BCC00FF54B8 /* Protocol */ = {
			isa = PBXGroup;
			children = (
				0229A5D31E9B1F3B00FF54B8 /* DropShadow.swift */,
				0229A5E11E9B3DB400FF54B8 /* ResuableView.swift */,
				0229A5E31E9B3E8D00FF54B8 /* NibLoadableView.swift */,
				020A6A701E9C693300FAF159 /* Shakeable.swift */,
			);
			name = Protocol;
			sourceTree = "<group>";
		};
		0229A5D11E9B1BE600FF54B8 /* Resource */ = {
			isa = PBXGroup;
			children = (
			);
			name = Resource;
			sourceTree = "<group>";
		};
		0229A5D21E9B1C0600FF54B8 /* Extensions */ = {
			isa = PBXGroup;
			children = (
				0229A5E51E9B3F2100FF54B8 /* UICollectionView+Ext.swift */,
				020A6A6E1E9C668600FAF159 /* MutableCollection+Ext.swift */,
			);
			name = Extensions;
			sourceTree = "<group>";
		};
/* End PBXGroup section */

/* Begin PBXNativeTarget section */
		0229A5B71E9B1B8200FF54B8 /* TacoPOP */ = {
			isa = PBXNativeTarget;
			buildConfigurationList = 0229A5CA1E9B1B8200FF54B8 /* Build configuration list for PBXNativeTarget "TacoPOP" */;
			buildPhases = (
				0229A5B41E9B1B8200FF54B8 /* Sources */,
				0229A5B51E9B1B8200FF54B8 /* Frameworks */,
				0229A5B61E9B1B8200FF54B8 /* Resources */,
			);
			buildRules = (
			);
			dependencies = (
			);
			name = TacoPOP;
			productName = TacoPOP;
			productReference = 0229A5B81E9B1B8200FF54B8 /* TacoPOP.app */;
			productType = "com.apple.product-type.application";
		};
/* End PBXNativeTarget section */

/* Begin PBXProject section */
		0229A5B01E9B1B8200FF54B8 /* Project object */ = {
			isa = PBXProject;
			attributes = {
				LastSwiftUpdateCheck = 0830;
				LastUpgradeCheck = 0830;
				ORGANIZATIONNAME = "Bailig Abhanar";
				TargetAttributes = {
					0229A5B71E9B1B8200FF54B8 = {
						CreatedOnToolsVersion = 8.3;
						ProvisioningStyle = Automatic;
					};
				};
			};
			buildConfigurationList = 0229A5B31E9B1B8200FF54B8 /* Build configuration list for PBXProject "TacoPOP" */;
			compatibilityVersion = "Xcode 3.2";
			developmentRegion = English;
			hasScannedForEncodings = 0;
			knownRegions = (
				en,
				Base,
			);
			mainGroup = 0229A5AF1E9B1B8200FF54B8;
			productRefGroup = 0229A5B91E9B1B8200FF54B8 /* Products */;
			projectDirPath = "";
			projectRoot = "";
			targets = (
				0229A5B71E9B1B8200FF54B8 /* TacoPOP */,
			);
		};
/* End PBXProject section */

/* Begin PBXResourcesBuildPhase section */
		0229A5B61E9B1B8200FF54B8 /* Resources */ = {
			isa = PBXResourcesBuildPhase;
			buildActionMask = 2147483647;
			files = (
				0229A5C61E9B1B8200FF54B8 /* LaunchScreen.storyboard in Resources */,
				0229A5E01E9B344000FF54B8 /* TacoCollectionViewCell.xib in Resources */,
				0229A5C31E9B1B8200FF54B8 /* Assets.xcassets in Resources */,
				0229A5C11E9B1B8200FF54B8 /* Main.storyboard in Resources */,
			);
			runOnlyForDeploymentPostprocessing = 0;
		};
/* End PBXResourcesBuildPhase section */

/* Begin PBXSourcesBuildPhase section */
		0229A5B41E9B1B8200FF54B8 /* Sources */ = {
			isa = PBXSourcesBuildPhase;
			buildActionMask = 2147483647;
			files = (
				0229A5BE1E9B1B8200FF54B8 /* MainViewController.swift in Sources */,
				020A6A6F1E9C668600FAF159 /* MutableCollection+Ext.swift in Sources */,
				0229A5DF1E9B344000FF54B8 /* TacoCollectionViewCell.swift in Sources */,
				0229A5D41E9B1F3B00FF54B8 /* DropShadow.swift in Sources */,
				0229A5E41E9B3E8D00FF54B8 /* NibLoadableView.swift in Sources */,
				0229A5E61E9B3F2100FF54B8 /* UICollectionView+Ext.swift in Sources */,
				0229A5E21E9B3DB400FF54B8 /* ResuableView.swift in Sources */,
				0229A5BC1E9B1B8200FF54B8 /* AppDelegate.swift in Sources */,
				0229A5DA1E9B281000FF54B8 /* DataService.swift in Sources */,
				0229A5D81E9B22F800FF54B8 /* Taco.swift in Sources */,
				020A6A711E9C693300FAF159 /* Shakeable.swift in Sources */,
				0229A5D61E9B20A400FF54B8 /* HeaderView.swift in Sources */,
			);
			runOnlyForDeploymentPostprocessing = 0;
		};
/* End PBXSourcesBuildPhase section */

/* Begin PBXVariantGroup section */
		0229A5BF1E9B1B8200FF54B8 /* Main.storyboard */ = {
			isa = PBXVariantGroup;
			children = (
				0229A5C01E9B1B8200FF54B8 /* Base */,
			);
			name = Main.storyboard;
			sourceTree = "<group>";
		};
		0229A5C41E9B1B8200FF54B8 /* LaunchScreen.storyboard */ = {
			isa = PBXVariantGroup;
			children = (
				0229A5C51E9B1B8200FF54B8 /* Base */,
			);
			name = LaunchScreen.storyboard;
			sourceTree = "<group>";
		};
/* End PBXVariantGroup section */

/* Begin XCBuildConfiguration section */
		0229A5C81E9B1B8200FF54B8 /* Debug */ = {
			isa = XCBuildConfiguration;
			buildSettings = {
				ALWAYS_SEARCH_USER_PATHS = NO;
				CLANG_ANALYZER_NONNULL = YES;
				CLANG_ANALYZER_NUMBER_OBJECT_CONVERSION = YES_AGGRESSIVE;
				CLANG_CXX_LANGUAGE_STANDARD = "gnu++0x";
				CLANG_CXX_LIBRARY = "libc++";
				CLANG_ENABLE_MODULES = YES;
				CLANG_ENABLE_OBJC_ARC = YES;
				CLANG_WARN_BOOL_CONVERSION = YES;
				CLANG_WARN_CONSTANT_CONVERSION = YES;
				CLANG_WARN_DIRECT_OBJC_ISA_USAGE = YES_ERROR;
				CLANG_WARN_DOCUMENTATION_COMMENTS = YES;
				CLANG_WARN_EMPTY_BODY = YES;
				CLANG_WARN_ENUM_CONVERSION = YES;
				CLANG_WARN_INFINITE_RECURSION = YES;
				CLANG_WARN_INT_CONVERSION = YES;
				CLANG_WARN_OBJC_ROOT_CLASS = YES_ERROR;
				CLANG_WARN_SUSPICIOUS_MOVE = YES;
				CLANG_WARN_UNREACHABLE_CODE = YES;
				CLANG_WARN__DUPLICATE_METHOD_MATCH = YES;
				"CODE_SIGN_IDENTITY[sdk=iphoneos*]" = "iPhone Developer";
				COPY_PHASE_STRIP = NO;
				DEBUG_INFORMATION_FORMAT = dwarf;
				ENABLE_STRICT_OBJC_MSGSEND = YES;
				ENABLE_TESTABILITY = YES;
				GCC_C_LANGUAGE_STANDARD = gnu99;
				GCC_DYNAMIC_NO_PIC = NO;
				GCC_NO_COMMON_BLOCKS = YES;
				GCC_OPTIMIZATION_LEVEL = 0;
				GCC_PREPROCESSOR_DEFINITIONS = (
					"DEBUG=1",
					"$(inherited)",
				);
				GCC_WARN_64_TO_32_BIT_CONVERSION = YES;
				GCC_WARN_ABOUT_RETURN_TYPE = YES_ERROR;
				GCC_WARN_UNDECLARED_SELECTOR = YES;
				GCC_WARN_UNINITIALIZED_AUTOS = YES_AGGRESSIVE;
				GCC_WARN_UNUSED_FUNCTION = YES;
				GCC_WARN_UNUSED_VARIABLE = YES;
				IPHONEOS_DEPLOYMENT_TARGET = 10.3;
				MTL_ENABLE_DEBUG_INFO = YES;
				ONLY_ACTIVE_ARCH = YES;
				SDKROOT = iphoneos;
				SWIFT_ACTIVE_COMPILATION_CONDITIONS = DEBUG;
				SWIFT_OPTIMIZATION_LEVEL = "-Onone";
			};
			name = Debug;
		};
		0229A5C91E9B1B8200FF54B8 /* Release */ = {
			isa = XCBuildConfiguration;
			buildSettings = {
				ALWAYS_SEARCH_USER_PATHS = NO;
				CLANG_ANALYZER_NONNULL = YES;
				CLANG_ANALYZER_NUMBER_OBJECT_CONVERSION = YES_AGGRESSIVE;
				CLANG_CXX_LANGUAGE_STANDARD = "gnu++0x";
				CLANG_CXX_LIBRARY = "libc++";
				CLANG_ENABLE_MODULES = YES;
				CLANG_ENABLE_OBJC_ARC = YES;
				CLANG_WARN_BOOL_CONVERSION = YES;
				CLANG_WARN_CONSTANT_CONVERSION = YES;
				CLANG_WARN_DIRECT_OBJC_ISA_USAGE = YES_ERROR;
				CLANG_WARN_DOCUMENTATION_COMMENTS = YES;
				CLANG_WARN_EMPTY_BODY = YES;
				CLANG_WARN_ENUM_CONVERSION = YES;
				CLANG_WARN_INFINITE_RECURSION = YES;
				CLANG_WARN_INT_CONVERSION = YES;
				CLANG_WARN_OBJC_ROOT_CLASS = YES_ERROR;
				CLANG_WARN_SUSPICIOUS_MOVE = YES;
				CLANG_WARN_UNREACHABLE_CODE = YES;
				CLANG_WARN__DUPLICATE_METHOD_MATCH = YES;
				"CODE_SIGN_IDENTITY[sdk=iphoneos*]" = "iPhone Developer";
				COPY_PHASE_STRIP = NO;
				DEBUG_INFORMATION_FORMAT = "dwarf-with-dsym";
				ENABLE_NS_ASSERTIONS = NO;
				ENABLE_STRICT_OBJC_MSGSEND = YES;
				GCC_C_LANGUAGE_STANDARD = gnu99;
				GCC_NO_COMMON_BLOCKS = YES;
				GCC_WARN_64_TO_32_BIT_CONVERSION = YES;
				GCC_WARN_ABOUT_RETURN_TYPE = YES_ERROR;
				GCC_WARN_UNDECLARED_SELECTOR = YES;
				GCC_WARN_UNINITIALIZED_AUTOS = YES_AGGRESSIVE;
				GCC_WARN_UNUSED_FUNCTION = YES;
				GCC_WARN_UNUSED_VARIABLE = YES;
				IPHONEOS_DEPLOYMENT_TARGET = 10.3;
				MTL_ENABLE_DEBUG_INFO = NO;
				SDKROOT = iphoneos;
				SWIFT_OPTIMIZATION_LEVEL = "-Owholemodule";
				VALIDATE_PRODUCT = YES;
			};
			name = Release;
		};
		0229A5CB1E9B1B8200FF54B8 /* Debug */ = {
			isa = XCBuildConfiguration;
			buildSettings = {
				ASSETCATALOG_COMPILER_APPICON_NAME = AppIcon;
				INFOPLIST_FILE = TacoPOP/Info.plist;
				LD_RUNPATH_SEARCH_PATHS = "$(inherited) @executable_path/Frameworks";
				PRODUCT_BUNDLE_IDENTIFIER = com.bailigabhanar.TacoPOP;
				PRODUCT_NAME = "$(TARGET_NAME)";
				SWIFT_VERSION = 3.0;
			};
			name = Debug;
		};
		0229A5CC1E9B1B8200FF54B8 /* Release */ = {
			isa = XCBuildConfiguration;
			buildSettings = {
				ASSETCATALOG_COMPILER_APPICON_NAME = AppIcon;
				INFOPLIST_FILE = TacoPOP/Info.plist;
				LD_RUNPATH_SEARCH_PATHS = "$(inherited) @executable_path/Frameworks";
				PRODUCT_BUNDLE_IDENTIFIER = com.bailigabhanar.TacoPOP;
				PRODUCT_NAME = "$(TARGET_NAME)";
				SWIFT_VERSION = 3.0;
			};
			name = Release;
		};
/* End XCBuildConfiguration section */

/* Begin XCConfigurationList section */
		0229A5B31E9B1B8200FF54B8 /* Build configuration list for PBXProject "TacoPOP" */ = {
			isa = XCConfigurationList;
			buildConfigurations = (
				0229A5C81E9B1B8200FF54B8 /* Debug */,
				0229A5C91E9B1B8200FF54B8 /* Release */,
			);
			defaultConfigurationIsVisible = 0;
			defaultConfigurationName = Release;
		};
		0229A5CA1E9B1B8200FF54B8 /* Build configuration list for PBXNativeTarget "TacoPOP" */ = {
			isa = XCConfigurationList;
			buildConfigurations = (
				0229A5CB1E9B1B8200FF54B8 /* Debug */,
				0229A5CC1E9B1B8200FF54B8 /* Release */,
			);
			defaultConfigurationIsVisible = 0;
			defaultConfigurationName = Release;
		};
/* End XCConfigurationList section */
	};
	rootObject = 0229A5B01E9B1B8200FF54B8 /* Project object */;
}
